{
  "originHash" : "b5fd8151efb1551339e7dbc070fc48c8fa549395825ad0d11e003a0bf02fd965",
  "pins" : [
    {
      "identity" : "swift",
      "kind" : "remoteSourceControl",
      "location" : "https://github.com/airbnb/swift.git",
      "state" : {
        "revision" : "c7e833face3f893b8defde66eecb66f24b55ca35",
        "version" : "1.0.8"
      }
    },
    {
      "identity" : "swift-argument-parser",
      "kind" : "remoteSourceControl",
      "location" : "https://github.com/apple/swift-argument-parser",
      "state" : {
        "revision" : "309a47b2b1d9b5e991f36961c983ecec72275be3",
        "version" : "1.6.1"
      }
    }
  ],
  "version" : 3
}
